
Microsoft Visual Studio Solution File, Format Version 12.00
# Visual Studio Version 17
VisualStudioVersion = 17.8.34330.188
MinimumVisualStudioVersion = 10.0.40219.1
Project("{54A90642-561A-4BB1-A94E-469ADEE60C69}") = "hr_dynamics.client", "hr_dynamics.client\hr_dynamics.client.esproj", "{FA4789ED-11F0-4526-B5B1-8C30EA3EF2C3}"
EndProject
Project("{00D1A9C2-B5F0-4AF3-8072-F6C62B433612}") = "hr_dynamics_database", "hr_dynamics_database\hr_dynamics_database.sqlproj", "{D48A15C7-0D98-4B55-802E-DE614B4248FF}"
EndProject
Project("{9A19103F-16F7-4668-BE54-9A1E7A4F7556}") = "hr_dynamics_server", "hr_dynamics_server\hr_dynamics_server.csproj", "{2A2E925C-D3E8-4D70-8901-E1B0C80574FD}"
EndProject
Global
	GlobalSection(SolutionConfigurationPlatforms) = preSolution
		Debug|Any CPU = Debug|Any CPU
		Release|Any CPU = Release|Any CPU
	EndGlobalSection
	GlobalSection(ProjectConfigurationPlatforms) = postSolution
		{FA4789ED-11F0-4526-B5B1-8C30EA3EF2C3}.Debug|Any CPU.ActiveCfg = Debug|Any CPU
		{FA4789ED-11F0-4526-B5B1-8C30EA3EF2C3}.Debug|Any CPU.Build.0 = Debug|Any CPU
		{FA4789ED-11F0-4526-B5B1-8C30EA3EF2C3}.Debug|Any CPU.Deploy.0 = Debug|Any CPU
		{FA4789ED-11F0-4526-B5B1-8C30EA3EF2C3}.Release|Any CPU.ActiveCfg = Release|Any CPU
		{FA4789ED-11F0-4526-B5B1-8C30EA3EF2C3}.Release|Any CPU.Build.0 = Release|Any CPU
		{FA4789ED-11F0-4526-B5B1-8C30EA3EF2C3}.Release|Any CPU.Deploy.0 = Release|Any CPU
		{D48A15C7-0D98-4B55-802E-DE614B4248FF}.Debug|Any CPU.ActiveCfg = Debug|Any CPU
		{D48A15C7-0D98-4B55-802E-DE614B4248FF}.Debug|Any CPU.Build.0 = Debug|Any CPU
		{D48A15C7-0D98-4B55-802E-DE614B4248FF}.Debug|Any CPU.Deploy.0 = Debug|Any CPU
		{D48A15C7-0D98-4B55-802E-DE614B4248FF}.Release|Any CPU.ActiveCfg = Release|Any CPU
		{D48A15C7-0D98-4B55-802E-DE614B4248FF}.Release|Any CPU.Build.0 = Release|Any CPU
		{D48A15C7-0D98-4B55-802E-DE614B4248FF}.Release|Any CPU.Deploy.0 = Release|Any CPU
		{2A2E925C-D3E8-4D70-8901-E1B0C80574FD}.Debug|Any CPU.ActiveCfg = Debug|Any CPU
		{2A2E925C-D3E8-4D70-8901-E1B0C80574FD}.Debug|Any CPU.Build.0 = Debug|Any CPU
		{2A2E925C-D3E8-4D70-8901-E1B0C80574FD}.Release|Any CPU.ActiveCfg = Release|Any CPU
		{2A2E925C-D3E8-4D70-8901-E1B0C80574FD}.Release|Any CPU.Build.0 = Release|Any CPU
	EndGlobalSection
	GlobalSection(SolutionProperties) = preSolution
		HideSolutionNode = FALSE
	EndGlobalSection
	GlobalSection(ExtensibilityGlobals) = postSolution
		SolutionGuid = {949DCCC0-905A-4B33-A9B8-1F09E5994274}
	EndGlobalSection
EndGlobal
